
Microsoft Visual Studio Solution File, Format Version 12.00
# Visual Studio 15
VisualStudioVersion = 15.0.28307.421
MinimumVisualStudioVersion = 10.0.40219.1
Project("{FAE04EC0-301F-11D3-BF4B-00C04F79EFBC}") = "Exercise 2", "Exercise 2\Exercise 2.csproj", "{46C7B350-31E1-4F36-A90B-8F8FCDA0C85B}"
EndProject
Project("{FAE04EC0-301F-11D3-BF4B-00C04F79EFBC}") = "Utils", "Utils\Utils.csproj", "{AB1E0133-34D9-4CCE-A546-669315AC8A33}"
EndProject
Project("{FAE04EC0-301F-11D3-BF4B-00C04F79EFBC}") = "Cviceni_1_BaseLib", "Cviceni_1_BaseLib\Cviceni_1_BaseLib.csproj", "{EB73B8A9-09C7-44FE-A306-376CEBC5F0E1}"
EndProject
Project("{FAE04EC0-301F-11D3-BF4B-00C04F79EFBC}") = "Cviceni_2_Prace_s_poli", "Cviceni_2_Prace_s_poli\Cviceni_2_Prace_s_poli.csproj", "{FA541DBE-EF74-4811-94B9-52764869CC9F}"
EndProject
Global
	GlobalSection(SolutionConfigurationPlatforms) = preSolution
		Debug|Any CPU = Debug|Any CPU
		Release|Any CPU = Release|Any CPU
	EndGlobalSection
	GlobalSection(ProjectConfigurationPlatforms) = postSolution
		{46C7B350-31E1-4F36-A90B-8F8FCDA0C85B}.Debug|Any CPU.ActiveCfg = Debug|Any CPU
		{46C7B350-31E1-4F36-A90B-8F8FCDA0C85B}.Debug|Any CPU.Build.0 = Debug|Any CPU
		{46C7B350-31E1-4F36-A90B-8F8FCDA0C85B}.Release|Any CPU.ActiveCfg = Release|Any CPU
		{46C7B350-31E1-4F36-A90B-8F8FCDA0C85B}.Release|Any CPU.Build.0 = Release|Any CPU
		{AB1E0133-34D9-4CCE-A546-669315AC8A33}.Debug|Any CPU.ActiveCfg = Debug|Any CPU
		{AB1E0133-34D9-4CCE-A546-669315AC8A33}.Debug|Any CPU.Build.0 = Debug|Any CPU
		{AB1E0133-34D9-4CCE-A546-669315AC8A33}.Release|Any CPU.ActiveCfg = Release|Any CPU
		{AB1E0133-34D9-4CCE-A546-669315AC8A33}.Release|Any CPU.Build.0 = Release|Any CPU
		{EB73B8A9-09C7-44FE-A306-376CEBC5F0E1}.Debug|Any CPU.ActiveCfg = Debug|Any CPU
		{EB73B8A9-09C7-44FE-A306-376CEBC5F0E1}.Debug|Any CPU.Build.0 = Debug|Any CPU
		{EB73B8A9-09C7-44FE-A306-376CEBC5F0E1}.Release|Any CPU.ActiveCfg = Release|Any CPU
		{EB73B8A9-09C7-44FE-A306-376CEBC5F0E1}.Release|Any CPU.Build.0 = Release|Any CPU
		{FA541DBE-EF74-4811-94B9-52764869CC9F}.Debug|Any CPU.ActiveCfg = Debug|Any CPU
		{FA541DBE-EF74-4811-94B9-52764869CC9F}.Debug|Any CPU.Build.0 = Debug|Any CPU
		{FA541DBE-EF74-4811-94B9-52764869CC9F}.Release|Any CPU.ActiveCfg = Release|Any CPU
		{FA541DBE-EF74-4811-94B9-52764869CC9F}.Release|Any CPU.Build.0 = Release|Any CPU
	EndGlobalSection
	GlobalSection(SolutionProperties) = preSolution
		HideSolutionNode = FALSE
	EndGlobalSection
	GlobalSection(ExtensibilityGlobals) = postSolution
		SolutionGuid = {E41D6205-16F9-49C4-B55C-757F4F26B0A4}
	EndGlobalSection
EndGlobal
