
Microsoft Visual Studio Solution File, Format Version 12.00
# Visual Studio 15
VisualStudioVersion = 15.0.28307.438
MinimumVisualStudioVersion = 10.0.40219.1
Project("{FAE04EC0-301F-11D3-BF4B-00C04F79EFBC}") = "MessageLibrary", "MessageLibrary\MessageLibrary.csproj", "{15067142-273E-47A9-BB14-0A7FDBE8DA56}"
EndProject
Project("{9A19103F-16F7-4668-BE54-9A1E7A4F7556}") = "MessageLibrary.Test", "MessageLibrary.Test\MessageLibrary.Test.csproj", "{76934BA9-92CF-41E7-AE41-CE4766C58354}"
EndProject
Project("{FAE04EC0-301F-11D3-BF4B-00C04F79EFBC}") = "MessageLogger", "MessageLogger\MessageLogger.csproj", "{72B4BF17-8A52-410B-BDB0-97B64B51C111}"
EndProject
Global
	GlobalSection(SolutionConfigurationPlatforms) = preSolution
		Debug|Any CPU = Debug|Any CPU
		Release|Any CPU = Release|Any CPU
	EndGlobalSection
	GlobalSection(ProjectConfigurationPlatforms) = postSolution
		{15067142-273E-47A9-BB14-0A7FDBE8DA56}.Debug|Any CPU.ActiveCfg = Debug|Any CPU
		{15067142-273E-47A9-BB14-0A7FDBE8DA56}.Debug|Any CPU.Build.0 = Debug|Any CPU
		{15067142-273E-47A9-BB14-0A7FDBE8DA56}.Release|Any CPU.ActiveCfg = Release|Any CPU
		{15067142-273E-47A9-BB14-0A7FDBE8DA56}.Release|Any CPU.Build.0 = Release|Any CPU
		{76934BA9-92CF-41E7-AE41-CE4766C58354}.Debug|Any CPU.ActiveCfg = Debug|Any CPU
		{76934BA9-92CF-41E7-AE41-CE4766C58354}.Debug|Any CPU.Build.0 = Debug|Any CPU
		{76934BA9-92CF-41E7-AE41-CE4766C58354}.Release|Any CPU.ActiveCfg = Release|Any CPU
		{76934BA9-92CF-41E7-AE41-CE4766C58354}.Release|Any CPU.Build.0 = Release|Any CPU
		{72B4BF17-8A52-410B-BDB0-97B64B51C111}.Debug|Any CPU.ActiveCfg = Debug|Any CPU
		{72B4BF17-8A52-410B-BDB0-97B64B51C111}.Debug|Any CPU.Build.0 = Debug|Any CPU
		{72B4BF17-8A52-410B-BDB0-97B64B51C111}.Release|Any CPU.ActiveCfg = Release|Any CPU
		{72B4BF17-8A52-410B-BDB0-97B64B51C111}.Release|Any CPU.Build.0 = Release|Any CPU
	EndGlobalSection
	GlobalSection(SolutionProperties) = preSolution
		HideSolutionNode = FALSE
	EndGlobalSection
	GlobalSection(ExtensibilityGlobals) = postSolution
		SolutionGuid = {5EFEA007-1CCD-4124-A71E-B344B1B12CF7}
	EndGlobalSection
EndGlobal
