
Microsoft Visual Studio Solution File, Format Version 12.00
# Visual Studio 15
VisualStudioVersion = 15.0.28307.539
MinimumVisualStudioVersion = 10.0.40219.1
Project("{FAE04EC0-301F-11D3-BF4B-00C04F79EFBC}") = "Exercise 7", "Exercise 7\Exercise 7.csproj", "{9E6EF249-3C00-4F3D-A90B-BF4C30BE1A10}"
EndProject
Project("{FAE04EC0-301F-11D3-BF4B-00C04F79EFBC}") = "Exercise 7.Tests", "Exercise 7Tests\Exercise 7.Tests.csproj", "{A0AB543C-A740-4A88-B3AF-FA8713A8079E}"
EndProject
Global
	GlobalSection(SolutionConfigurationPlatforms) = preSolution
		Debug|Any CPU = Debug|Any CPU
		Release|Any CPU = Release|Any CPU
	EndGlobalSection
	GlobalSection(ProjectConfigurationPlatforms) = postSolution
		{9E6EF249-3C00-4F3D-A90B-BF4C30BE1A10}.Debug|Any CPU.ActiveCfg = Debug|Any CPU
		{9E6EF249-3C00-4F3D-A90B-BF4C30BE1A10}.Debug|Any CPU.Build.0 = Debug|Any CPU
		{9E6EF249-3C00-4F3D-A90B-BF4C30BE1A10}.Release|Any CPU.ActiveCfg = Release|Any CPU
		{9E6EF249-3C00-4F3D-A90B-BF4C30BE1A10}.Release|Any CPU.Build.0 = Release|Any CPU
		{A0AB543C-A740-4A88-B3AF-FA8713A8079E}.Debug|Any CPU.ActiveCfg = Debug|Any CPU
		{A0AB543C-A740-4A88-B3AF-FA8713A8079E}.Debug|Any CPU.Build.0 = Debug|Any CPU
		{A0AB543C-A740-4A88-B3AF-FA8713A8079E}.Release|Any CPU.ActiveCfg = Release|Any CPU
		{A0AB543C-A740-4A88-B3AF-FA8713A8079E}.Release|Any CPU.Build.0 = Release|Any CPU
	EndGlobalSection
	GlobalSection(SolutionProperties) = preSolution
		HideSolutionNode = FALSE
	EndGlobalSection
	GlobalSection(ExtensibilityGlobals) = postSolution
		SolutionGuid = {67758B8A-F2D1-44A9-BB18-4B080AB454B8}
	EndGlobalSection
EndGlobal
